{
  "lockfile_version": "1",
  "packages": {
    "github:NixOS/nixpkgs/nixpkgs-unstable": {
      "last_modified": "2025-10-09T02:37:25Z",
      "resolved": "github:NixOS/nixpkgs/2dad7af78a183b6c486702c18af8a9544f298377?lastModified=1759977445&narHash=sha256-LYr4IDfuihCkFAkSYz5%2F%2FgT2r1ewcWBYgd5AxPzPLIo%3D"
    },
    "go@1.24": {
      "last_modified": "2025-09-18T16:33:27Z",
      "resolved": "github:NixOS/nixpkgs/f4b140d5b253f5e2a1ff4e5506edbf8267724bde#go_1_24",
      "source": "devbox-search",
      "version": "1.24.7",
      "systems": {
        "aarch64-darwin": {
          "outputs": [
            {
              "name": "out",
              "path": "/nix/store/wi6x7anr21niz0zaf4077pf7a6qj56xd-go-1.24.7",
              "default": true
            }
          ],
          "store_path": "/nix/store/wi6x7anr21niz0zaf4077pf7a6qj56xd-go-1.24.7"
        },
        "aarch64-linux": {
          "outputs": [
            {
              "name": "out",
              "path": "/nix/store/l7xjyd3vdrlzjq7apswz394rmxsf94w8-go-1.24.7",
              "default": true
            }
          ],
          "store_path": "/nix/store/l7xjyd3vdrlzjq7apswz394rmxsf94w8-go-1.24.7"
        },
        "x86_64-darwin": {
          "outputs": [
            {
              "name": "out",
              "path": "/nix/store/g1dszpz67zfx7j7lqd1s3gz3pgygxzw7-go-1.24.7",
              "default": true
            }
          ],
          "store_path": "/nix/store/g1dszpz67zfx7j7lqd1s3gz3pgygxzw7-go-1.24.7"
        },
        "x86_64-linux": {
          "outputs": [
            {
              "name": "out",
              "path": "/nix/store/0a9wg4llssiax3c6a3d5lxw9brj4mpyn-go-1.24.7",
              "default": true
            }
          ],
          "store_path": "/nix/store/0a9wg4llssiax3c6a3d5lxw9brj4mpyn-go-1.24.7"
        }
      }
    },
    "nodejs@20": {
      "last_modified": "2025-09-21T00:54:27Z",
      "plugin_version": "0.0.2",
      "resolved": "github:NixOS/nixpkgs/51c8f9cfaae8306d135095bcdb3df9027f95542d#nodejs_20",
      "source": "devbox-search",
      "version": "20.19.5",
      "systems": {
        "aarch64-darwin": {
          "outputs": [
            {
              "name": "out",
              "path": "/nix/store/c1i3piipnvl1jg8vv4jhgb8x0m032wxh-nodejs-20.19.5",
              "default": true
            },
            {
              "name": "dev",
              "path": "/nix/store/2awbm76f2sr7s03g8n20h6nhm10ygykf-nodejs-20.19.5-dev"
            },
            {
              "name": "libv8",
              "path": "/nix/store/mmd275vh5z761axp7aa86j6l6bpy5i1m-nodejs-20.19.5-libv8"
            }
          ],
          "store_path": "/nix/store/c1i3piipnvl1jg8vv4jhgb8x0m032wxh-nodejs-20.19.5"
        },
        "aarch64-linux": {
          "outputs": [
            {
              "name": "out",
              "path": "/nix/store/1cjddb0jcrdyfyv2b5r9jlqa57f54bm6-nodejs-20.19.5",
              "default": true
            },
            {
              "name": "dev",
              "path": "/nix/store/3n6v93iaiwxdnxc3fa8v6zyrnzn6zq1d-nodejs-20.19.5-dev"
            },
            {
              "name": "libv8",
              "path": "/nix/store/fary15b8xxhfda7zzh0jpm9d3067nwmv-nodejs-20.19.5-libv8"
            }
          ],
          "store_path": "/nix/store/1cjddb0jcrdyfyv2b5r9jlqa57f54bm6-nodejs-20.19.5"
        },
        "x86_64-darwin": {
          "outputs": [
            {
              "name": "out",
              "path": "/nix/store/pdrrgvlm1ixpwhzzqcakfxhwry2fknv4-nodejs-20.19.5",
              "default": true
            },
            {
              "name": "dev",
              "path": "/nix/store/c0kf2mhpgwn0f558frp73ci70srazgnz-nodejs-20.19.5-dev"
            },
            {
              "name": "libv8",
              "path": "/nix/store/2lb6gxx66agqsxxigcljf2h98msczxhk-nodejs-20.19.5-libv8"
            }
          ],
          "store_path": "/nix/store/pdrrgvlm1ixpwhzzqcakfxhwry2fknv4-nodejs-20.19.5"
        },
        "x86_64-linux": {
          "outputs": [
            {
              "name": "out",
              "path": "/nix/store/z83yrxjf8abxz2m0vf6ic8cbaqsil0kp-nodejs-20.19.5",
              "default": true
            },
            {
              "name": "dev",
              "path": "/nix/store/s2cz8r7qjan8lj5hbfpcvk8clynn23b3-nodejs-20.19.5-dev"
            },
            {
              "name": "libv8",
              "path": "/nix/store/kxykq3pgpd5k57qrbjxhcapigrxj1zgj-nodejs-20.19.5-libv8"
            }
          ],
          "store_path": "/nix/store/z83yrxjf8abxz2m0vf6ic8cbaqsil0kp-nodejs-20.19.5"
        }
      }
    },
    "pnpm@10": {
      "last_modified": "2025-09-21T00:54:27Z",
      "resolved": "github:NixOS/nixpkgs/51c8f9cfaae8306d135095bcdb3df9027f95542d#pnpm",
      "source": "devbox-search",
      "version": "10.17.0",
      "systems": {
        "aarch64-darwin": {
          "outputs": [
            {
              "name": "out",
              "path": "/nix/store/b04y9p0r0ld6wnxj520rb3r3icrbb746-pnpm-10.17.0",
              "default": true
            }
          ],
          "store_path": "/nix/store/b04y9p0r0ld6wnxj520rb3r3icrbb746-pnpm-10.17.0"
        },
        "aarch64-linux": {
          "outputs": [
            {
              "name": "out",
              "path": "/nix/store/6429h7ysbq22mcgjckqzp0nij3crcwss-pnpm-10.17.0",
              "default": true
            }
          ],
          "store_path": "/nix/store/6429h7ysbq22mcgjckqzp0nij3crcwss-pnpm-10.17.0"
        },
        "x86_64-darwin": {
          "outputs": [
            {
              "name": "out",
              "path": "/nix/store/g43yrsmwbdcwvaswkp56053g9vrdis80-pnpm-10.17.0",
              "default": true
            }
          ],
          "store_path": "/nix/store/g43yrsmwbdcwvaswkp56053g9vrdis80-pnpm-10.17.0"
        },
        "x86_64-linux": {
          "outputs": [
            {
              "name": "out",
              "path": "/nix/store/kiancmmw300lq2gzz9kcn822x8xf7ikd-pnpm-10.17.0",
              "default": true
            }
          ],
          "store_path": "/nix/store/kiancmmw300lq2gzz9kcn822x8xf7ikd-pnpm-10.17.0"
        }
      }
    }
  }
}
