{
  "lockfile_version": "1",
  "packages": {
    "github:NixOS/nixpkgs/nixpkgs-unstable": {
      "last_modified": "2025-10-23T16:27:14Z",
      "resolved": "github:NixOS/nixpkgs/d5faa84122bc0a1fd5d378492efce4e289f8eac1?lastModified=1761236834&narHash=sha256-%2Bpthv6hrL5VLW2UqPdISGuLiUZ6SnAXdd2DdUE%2BfV2Q%3D"
    },
    "go@1.24": {
      "last_modified": "2025-10-08T10:03:27Z",
      "resolved": "github:NixOS/nixpkgs/fb5cf53218b987f2703a5bbc292a030c0fe33443#go_1_24",
      "source": "devbox-search",
      "version": "1.24.8",
      "systems": {
        "aarch64-darwin": {
          "outputs": [
            {
              "name": "out",
              "path": "/nix/store/yz9x0ddjyglwj4i94i1cd5bpvqhpncpz-go-1.24.8",
              "default": true
            }
          ],
          "store_path": "/nix/store/yz9x0ddjyglwj4i94i1cd5bpvqhpncpz-go-1.24.8"
        },
        "aarch64-linux": {
          "outputs": [
            {
              "name": "out",
              "path": "/nix/store/gqsr05vjawg412kdd9gcf6sa8kks6y8l-go-1.24.8",
              "default": true
            }
          ],
          "store_path": "/nix/store/gqsr05vjawg412kdd9gcf6sa8kks6y8l-go-1.24.8"
        },
        "x86_64-darwin": {
          "outputs": [
            {
              "name": "out",
              "path": "/nix/store/q7iapfpqi0z357vvs20id85727153npg-go-1.24.8",
              "default": true
            }
          ],
          "store_path": "/nix/store/q7iapfpqi0z357vvs20id85727153npg-go-1.24.8"
        },
        "x86_64-linux": {
          "outputs": [
            {
              "name": "out",
              "path": "/nix/store/9bvzhk0wjvxzpsqiaybgc6ggrjjibhrb-go-1.24.8",
              "default": true
            }
          ],
          "store_path": "/nix/store/9bvzhk0wjvxzpsqiaybgc6ggrjjibhrb-go-1.24.8"
        }
      }
    }
  }
}
