{
  "lockfile_version": "1",
  "packages": {
    "bun@latest": {
      "last_modified": "2025-04-03T14:08:01Z",
      "resolved": "github:NixOS/nixpkgs/2bfc080955153be0be56724be6fa5477b4eefabb#bun",
      "source": "devbox-search",
      "version": "1.2.8",
      "systems": {
        "aarch64-darwin": {
          "outputs": [
            {
              "name": "out",
              "path": "/nix/store/i51l405j3yjql3yr7b65aiwmnwi1marl-bun-1.2.8",
              "default": true
            }
          ],
          "store_path": "/nix/store/i51l405j3yjql3yr7b65aiwmnwi1marl-bun-1.2.8"
        },
        "aarch64-linux": {
          "outputs": [
            {
              "name": "out",
              "path": "/nix/store/3d7pm5sw7dbkzj934606ldqaj76k3yhx-bun-1.2.8",
              "default": true
            }
          ],
          "store_path": "/nix/store/3d7pm5sw7dbkzj934606ldqaj76k3yhx-bun-1.2.8"
        },
        "x86_64-darwin": {
          "outputs": [
            {
              "name": "out",
              "path": "/nix/store/vc5q2nsdghhg9r8ycskrfq1m7pcrg5fm-bun-1.2.8",
              "default": true
            }
          ],
          "store_path": "/nix/store/vc5q2nsdghhg9r8ycskrfq1m7pcrg5fm-bun-1.2.8"
        },
        "x86_64-linux": {
          "outputs": [
            {
              "name": "out",
              "path": "/nix/store/qv4zmrpmx9mkdx2nl6sdn0y97ls1c8jz-bun-1.2.8",
              "default": true
            }
          ],
          "store_path": "/nix/store/qv4zmrpmx9mkdx2nl6sdn0y97ls1c8jz-bun-1.2.8"
        }
      }
    },
    "github:NixOS/nixpkgs/nixpkgs-unstable": {
      "last_modified": "2025-04-13T09:22:33Z",
      "resolved": "github:NixOS/nixpkgs/18dd725c29603f582cf1900e0d25f9f1063dbf11?lastModified=1744536153&narHash=sha256-awS2zRgF4uTwrOKwwiJcByDzDOdo3Q1rPZbiHQg%2FN38%3D"
    },
    "go@latest": {
      "last_modified": "2025-03-11T17:52:14Z",
      "resolved": "github:NixOS/nixpkgs/0d534853a55b5d02a4ababa1d71921ce8f0aee4c#go",
      "source": "devbox-search",
      "version": "1.24.1",
      "systems": {
        "aarch64-darwin": {
          "outputs": [
            {
              "name": "out",
              "path": "/nix/store/ja4jxx60lh1qfqfl4z4p2rff56ia1c3c-go-1.24.1",
              "default": true
            }
          ],
          "store_path": "/nix/store/ja4jxx60lh1qfqfl4z4p2rff56ia1c3c-go-1.24.1"
        },
        "aarch64-linux": {
          "outputs": [
            {
              "name": "out",
              "path": "/nix/store/6zvrmsmdg7p8yw3vii20g40b4zsh6kjr-go-1.24.1",
              "default": true
            }
          ],
          "store_path": "/nix/store/6zvrmsmdg7p8yw3vii20g40b4zsh6kjr-go-1.24.1"
        },
        "x86_64-darwin": {
          "outputs": [
            {
              "name": "out",
              "path": "/nix/store/2bcic1xcha2k11djynr488v3pg0nnghr-go-1.24.1",
              "default": true
            }
          ],
          "store_path": "/nix/store/2bcic1xcha2k11djynr488v3pg0nnghr-go-1.24.1"
        },
        "x86_64-linux": {
          "outputs": [
            {
              "name": "out",
              "path": "/nix/store/g29rrn8qqlg4yjqv543ryrkimr7fk43h-go-1.24.1",
              "default": true
            }
          ],
          "store_path": "/nix/store/g29rrn8qqlg4yjqv543ryrkimr7fk43h-go-1.24.1"
        }
      }
    },
    "nodejs@latest": {
      "last_modified": "2025-04-02T13:00:31Z",
      "plugin_version": "0.0.2",
      "resolved": "github:NixOS/nixpkgs/384d1adab77a8d49172a3acc1d5c2f26d013a69a#nodejs_23",
      "source": "devbox-search",
      "version": "23.11.0",
      "systems": {
        "aarch64-darwin": {
          "outputs": [
            {
              "name": "out",
              "path": "/nix/store/7z52lrjdf95sxdv5gmf1lkd6jkmbrk56-nodejs-23.11.0",
              "default": true
            },
            {
              "name": "libv8",
              "path": "/nix/store/0ksknzxczr0kzbz6swnw9ib84hgi77s8-nodejs-23.11.0-libv8"
            }
          ],
          "store_path": "/nix/store/7z52lrjdf95sxdv5gmf1lkd6jkmbrk56-nodejs-23.11.0"
        },
        "aarch64-linux": {
          "outputs": [
            {
              "name": "out",
              "path": "/nix/store/yjnnd52kllrr7ydnz7ixw950fbgv014q-nodejs-23.11.0",
              "default": true
            },
            {
              "name": "libv8",
              "path": "/nix/store/4i48prhfrkr2wbs06vs5g2aaicncpsfx-nodejs-23.11.0-libv8"
            }
          ],
          "store_path": "/nix/store/yjnnd52kllrr7ydnz7ixw950fbgv014q-nodejs-23.11.0"
        },
        "x86_64-darwin": {
          "outputs": [
            {
              "name": "out",
              "path": "/nix/store/m2wfafc3wszhrl6ymyjjjw2b20a0xbx3-nodejs-23.11.0",
              "default": true
            },
            {
              "name": "libv8",
              "path": "/nix/store/5f0jci5bwflnxp2ysfisv5xwxis7wa45-nodejs-23.11.0-libv8"
            }
          ],
          "store_path": "/nix/store/m2wfafc3wszhrl6ymyjjjw2b20a0xbx3-nodejs-23.11.0"
        },
        "x86_64-linux": {
          "outputs": [
            {
              "name": "out",
              "path": "/nix/store/npy9r2i6v4r277y91vnf40l47gwpsdz4-nodejs-23.11.0",
              "default": true
            },
            {
              "name": "libv8",
              "path": "/nix/store/0shcl7m044cdglpsf9nd61rgfndhx4qm-nodejs-23.11.0-libv8"
            }
          ],
          "store_path": "/nix/store/npy9r2i6v4r277y91vnf40l47gwpsdz4-nodejs-23.11.0"
        }
      }
    },
    "templ@latest": {
      "last_modified": "2025-04-03T14:08:01Z",
      "resolved": "github:NixOS/nixpkgs/2bfc080955153be0be56724be6fa5477b4eefabb#templ",
      "source": "devbox-search",
      "version": "0.3.857",
      "systems": {
        "aarch64-darwin": {
          "outputs": [
            {
              "name": "out",
              "path": "/nix/store/zz042gdazlmi926g9rkgq12gy8j9m0zd-templ-0.3.857",
              "default": true
            }
          ],
          "store_path": "/nix/store/zz042gdazlmi926g9rkgq12gy8j9m0zd-templ-0.3.857"
        },
        "aarch64-linux": {
          "outputs": [
            {
              "name": "out",
              "path": "/nix/store/rw8xyig4plg547bg1npws6s7na69vxdg-templ-0.3.857",
              "default": true
            }
          ],
          "store_path": "/nix/store/rw8xyig4plg547bg1npws6s7na69vxdg-templ-0.3.857"
        },
        "x86_64-darwin": {
          "outputs": [
            {
              "name": "out",
              "path": "/nix/store/xi43xph9dl1gqx7q2jhlz48sg89zk51d-templ-0.3.857",
              "default": true
            }
          ],
          "store_path": "/nix/store/xi43xph9dl1gqx7q2jhlz48sg89zk51d-templ-0.3.857"
        },
        "x86_64-linux": {
          "outputs": [
            {
              "name": "out",
              "path": "/nix/store/nr1jzqmfyxbxv218rng5ksp33a3iihxp-templ-0.3.857",
              "default": true
            }
          ],
          "store_path": "/nix/store/nr1jzqmfyxbxv218rng5ksp33a3iihxp-templ-0.3.857"
        }
      }
    }
  }
}
